
Microsoft Visual Studio Solution File, Format Version 12.00
# Visual Studio 15
VisualStudioVersion = 15.0.28307.645
MinimumVisualStudioVersion = 10.0.40219.1
Project("{8BC9CEB8-8B4A-11D0-8D11-00A0C91BC942}") = "IntroductionToOOP34evening", "IntroductionToOOP34evening\IntroductionToOOP34evening.vcxproj", "{6BBF0085-DD56-4549-8699-8FAB8CF2263D}"
EndProject
Project("{8BC9CEB8-8B4A-11D0-8D11-00A0C91BC942}") = "Fraction", "Fraction\Fraction.vcxproj", "{DF90C213-705B-4A09-A9C7-E267D39E2AD2}"
EndProject
Project("{8BC9CEB8-8B4A-11D0-8D11-00A0C91BC942}") = "String", "String\String.vcxproj", "{7BF3C601-BD0C-46CD-AB0C-A1B358174FDB}"
EndProject
Global
	GlobalSection(SolutionConfigurationPlatforms) = preSolution
		Debug|x64 = Debug|x64
		Debug|x86 = Debug|x86
		Release|x64 = Release|x64
		Release|x86 = Release|x86
	EndGlobalSection
	GlobalSection(ProjectConfigurationPlatforms) = postSolution
		{6BBF0085-DD56-4549-8699-8FAB8CF2263D}.Debug|x64.ActiveCfg = Debug|x64
		{6BBF0085-DD56-4549-8699-8FAB8CF2263D}.Debug|x64.Build.0 = Debug|x64
		{6BBF0085-DD56-4549-8699-8FAB8CF2263D}.Debug|x86.ActiveCfg = Debug|Win32
		{6BBF0085-DD56-4549-8699-8FAB8CF2263D}.Debug|x86.Build.0 = Debug|Win32
		{6BBF0085-DD56-4549-8699-8FAB8CF2263D}.Release|x64.ActiveCfg = Release|x64
		{6BBF0085-DD56-4549-8699-8FAB8CF2263D}.Release|x64.Build.0 = Release|x64
		{6BBF0085-DD56-4549-8699-8FAB8CF2263D}.Release|x86.ActiveCfg = Release|Win32
		{6BBF0085-DD56-4549-8699-8FAB8CF2263D}.Release|x86.Build.0 = Release|Win32
		{DF90C213-705B-4A09-A9C7-E267D39E2AD2}.Debug|x64.ActiveCfg = Debug|x64
		{DF90C213-705B-4A09-A9C7-E267D39E2AD2}.Debug|x64.Build.0 = Debug|x64
		{DF90C213-705B-4A09-A9C7-E267D39E2AD2}.Debug|x86.ActiveCfg = Debug|Win32
		{DF90C213-705B-4A09-A9C7-E267D39E2AD2}.Debug|x86.Build.0 = Debug|Win32
		{DF90C213-705B-4A09-A9C7-E267D39E2AD2}.Release|x64.ActiveCfg = Release|x64
		{DF90C213-705B-4A09-A9C7-E267D39E2AD2}.Release|x64.Build.0 = Release|x64
		{DF90C213-705B-4A09-A9C7-E267D39E2AD2}.Release|x86.ActiveCfg = Release|Win32
		{DF90C213-705B-4A09-A9C7-E267D39E2AD2}.Release|x86.Build.0 = Release|Win32
		{7BF3C601-BD0C-46CD-AB0C-A1B358174FDB}.Debug|x64.ActiveCfg = Debug|x64
		{7BF3C601-BD0C-46CD-AB0C-A1B358174FDB}.Debug|x64.Build.0 = Debug|x64
		{7BF3C601-BD0C-46CD-AB0C-A1B358174FDB}.Debug|x86.ActiveCfg = Debug|Win32
		{7BF3C601-BD0C-46CD-AB0C-A1B358174FDB}.Debug|x86.Build.0 = Debug|Win32
		{7BF3C601-BD0C-46CD-AB0C-A1B358174FDB}.Release|x64.ActiveCfg = Release|x64
		{7BF3C601-BD0C-46CD-AB0C-A1B358174FDB}.Release|x64.Build.0 = Release|x64
		{7BF3C601-BD0C-46CD-AB0C-A1B358174FDB}.Release|x86.ActiveCfg = Release|Win32
		{7BF3C601-BD0C-46CD-AB0C-A1B358174FDB}.Release|x86.Build.0 = Release|Win32
	EndGlobalSection
	GlobalSection(SolutionProperties) = preSolution
		HideSolutionNode = FALSE
	EndGlobalSection
	GlobalSection(ExtensibilityGlobals) = postSolution
		SolutionGuid = {CD9059D1-24CD-4792-B47A-1C56C17DD2E1}
	EndGlobalSection
EndGlobal
